
Microsoft Visual Studio Solution File, Format Version 12.00
# Visual Studio Version 17
VisualStudioVersion = 17.4.33110.190
MinimumVisualStudioVersion = 10.0.40219.1
Project("{FAE04EC0-301F-11D3-BF4B-00C04F79EFBC}") = "SoftDevWeather.UWP", "SoftDevWeather\SoftDevWeather.UWP\SoftDevWeather.UWP.csproj", "{1DC1337F-A4F2-4453-9ACB-16BE3336B456}"
EndProject
Project("{FAE04EC0-301F-11D3-BF4B-00C04F79EFBC}") = "SoftDevWeather.Android", "SoftDevWeather\SoftDevWeather.Android\SoftDevWeather.Android.csproj", "{6B23CAAD-A182-40DD-AB09-5A3A701D5DA1}"
EndProject
Project("{FAE04EC0-301F-11D3-BF4B-00C04F79EFBC}") = "SoftDevWeather.iOS", "SoftDevWeather\SoftDevWeather.iOS\SoftDevWeather.iOS.csproj", "{CF462607-79E1-4E9F-9051-325A512038A1}"
EndProject
Project("{FAE04EC0-301F-11D3-BF4B-00C04F79EFBC}") = "SoftDevWeather", "SoftDevWeather\SoftDevWeather\SoftDevWeather.csproj", "{6B046B55-7ABB-4E17-8044-3386C51F8760}"
EndProject
Global
	GlobalSection(SolutionConfigurationPlatforms) = preSolution
		Debug|Any CPU = Debug|Any CPU
		Debug|ARM = Debug|ARM
		Debug|iPhone = Debug|iPhone
		Debug|iPhoneSimulator = Debug|iPhoneSimulator
		Debug|x64 = Debug|x64
		Debug|x86 = Debug|x86
		Release|Any CPU = Release|Any CPU
		Release|ARM = Release|ARM
		Release|iPhone = Release|iPhone
		Release|iPhoneSimulator = Release|iPhoneSimulator
		Release|x64 = Release|x64
		Release|x86 = Release|x86
	EndGlobalSection
	GlobalSection(ProjectConfigurationPlatforms) = postSolution
		{1DC1337F-A4F2-4453-9ACB-16BE3336B456}.Debug|Any CPU.ActiveCfg = Debug|x64
		{1DC1337F-A4F2-4453-9ACB-16BE3336B456}.Debug|Any CPU.Build.0 = Debug|x64
		{1DC1337F-A4F2-4453-9ACB-16BE3336B456}.Debug|Any CPU.Deploy.0 = Debug|x64
		{1DC1337F-A4F2-4453-9ACB-16BE3336B456}.Debug|ARM.ActiveCfg = Debug|ARM
		{1DC1337F-A4F2-4453-9ACB-16BE3336B456}.Debug|ARM.Build.0 = Debug|ARM
		{1DC1337F-A4F2-4453-9ACB-16BE3336B456}.Debug|ARM.Deploy.0 = Debug|ARM
		{1DC1337F-A4F2-4453-9ACB-16BE3336B456}.Debug|iPhone.ActiveCfg = Debug|x64
		{1DC1337F-A4F2-4453-9ACB-16BE3336B456}.Debug|iPhone.Build.0 = Debug|x64
		{1DC1337F-A4F2-4453-9ACB-16BE3336B456}.Debug|iPhone.Deploy.0 = Debug|x64
		{1DC1337F-A4F2-4453-9ACB-16BE3336B456}.Debug|iPhoneSimulator.ActiveCfg = Debug|x64
		{1DC1337F-A4F2-4453-9ACB-16BE3336B456}.Debug|iPhoneSimulator.Build.0 = Debug|x64
		{1DC1337F-A4F2-4453-9ACB-16BE3336B456}.Debug|iPhoneSimulator.Deploy.0 = Debug|x64
		{1DC1337F-A4F2-4453-9ACB-16BE3336B456}.Debug|x64.ActiveCfg = Debug|x64
		{1DC1337F-A4F2-4453-9ACB-16BE3336B456}.Debug|x64.Build.0 = Debug|x64
		{1DC1337F-A4F2-4453-9ACB-16BE3336B456}.Debug|x64.Deploy.0 = Debug|x64
		{1DC1337F-A4F2-4453-9ACB-16BE3336B456}.Debug|x86.ActiveCfg = Debug|x86
		{1DC1337F-A4F2-4453-9ACB-16BE3336B456}.Debug|x86.Build.0 = Debug|x86
		{1DC1337F-A4F2-4453-9ACB-16BE3336B456}.Debug|x86.Deploy.0 = Debug|x86
		{1DC1337F-A4F2-4453-9ACB-16BE3336B456}.Release|Any CPU.ActiveCfg = Release|x64
		{1DC1337F-A4F2-4453-9ACB-16BE3336B456}.Release|Any CPU.Build.0 = Release|x64
		{1DC1337F-A4F2-4453-9ACB-16BE3336B456}.Release|Any CPU.Deploy.0 = Release|x64
		{1DC1337F-A4F2-4453-9ACB-16BE3336B456}.Release|ARM.ActiveCfg = Release|ARM
		{1DC1337F-A4F2-4453-9ACB-16BE3336B456}.Release|ARM.Build.0 = Release|ARM
		{1DC1337F-A4F2-4453-9ACB-16BE3336B456}.Release|ARM.Deploy.0 = Release|ARM
		{1DC1337F-A4F2-4453-9ACB-16BE3336B456}.Release|iPhone.ActiveCfg = Release|x64
		{1DC1337F-A4F2-4453-9ACB-16BE3336B456}.Release|iPhone.Build.0 = Release|x64
		{1DC1337F-A4F2-4453-9ACB-16BE3336B456}.Release|iPhone.Deploy.0 = Release|x64
		{1DC1337F-A4F2-4453-9ACB-16BE3336B456}.Release|iPhoneSimulator.ActiveCfg = Release|x64
		{1DC1337F-A4F2-4453-9ACB-16BE3336B456}.Release|iPhoneSimulator.Build.0 = Release|x64
		{1DC1337F-A4F2-4453-9ACB-16BE3336B456}.Release|iPhoneSimulator.Deploy.0 = Release|x64
		{1DC1337F-A4F2-4453-9ACB-16BE3336B456}.Release|x64.ActiveCfg = Release|x64
		{1DC1337F-A4F2-4453-9ACB-16BE3336B456}.Release|x64.Build.0 = Release|x64
		{1DC1337F-A4F2-4453-9ACB-16BE3336B456}.Release|x64.Deploy.0 = Release|x64
		{1DC1337F-A4F2-4453-9ACB-16BE3336B456}.Release|x86.ActiveCfg = Release|x86
		{1DC1337F-A4F2-4453-9ACB-16BE3336B456}.Release|x86.Build.0 = Release|x86
		{1DC1337F-A4F2-4453-9ACB-16BE3336B456}.Release|x86.Deploy.0 = Release|x86
		{6B23CAAD-A182-40DD-AB09-5A3A701D5DA1}.Debug|Any CPU.ActiveCfg = Debug|Any CPU
		{6B23CAAD-A182-40DD-AB09-5A3A701D5DA1}.Debug|Any CPU.Build.0 = Debug|Any CPU
		{6B23CAAD-A182-40DD-AB09-5A3A701D5DA1}.Debug|Any CPU.Deploy.0 = Debug|Any CPU
		{6B23CAAD-A182-40DD-AB09-5A3A701D5DA1}.Debug|ARM.ActiveCfg = Debug|Any CPU
		{6B23CAAD-A182-40DD-AB09-5A3A701D5DA1}.Debug|ARM.Build.0 = Debug|Any CPU
		{6B23CAAD-A182-40DD-AB09-5A3A701D5DA1}.Debug|ARM.Deploy.0 = Debug|Any CPU
		{6B23CAAD-A182-40DD-AB09-5A3A701D5DA1}.Debug|iPhone.ActiveCfg = Debug|Any CPU
		{6B23CAAD-A182-40DD-AB09-5A3A701D5DA1}.Debug|iPhone.Build.0 = Debug|Any CPU
		{6B23CAAD-A182-40DD-AB09-5A3A701D5DA1}.Debug|iPhone.Deploy.0 = Debug|Any CPU
		{6B23CAAD-A182-40DD-AB09-5A3A701D5DA1}.Debug|iPhoneSimulator.ActiveCfg = Debug|Any CPU
		{6B23CAAD-A182-40DD-AB09-5A3A701D5DA1}.Debug|iPhoneSimulator.Build.0 = Debug|Any CPU
		{6B23CAAD-A182-40DD-AB09-5A3A701D5DA1}.Debug|iPhoneSimulator.Deploy.0 = Debug|Any CPU
		{6B23CAAD-A182-40DD-AB09-5A3A701D5DA1}.Debug|x64.ActiveCfg = Debug|Any CPU
		{6B23CAAD-A182-40DD-AB09-5A3A701D5DA1}.Debug|x64.Build.0 = Debug|Any CPU
		{6B23CAAD-A182-40DD-AB09-5A3A701D5DA1}.Debug|x64.Deploy.0 = Debug|Any CPU
		{6B23CAAD-A182-40DD-AB09-5A3A701D5DA1}.Debug|x86.ActiveCfg = Debug|Any CPU
		{6B23CAAD-A182-40DD-AB09-5A3A701D5DA1}.Debug|x86.Build.0 = Debug|Any CPU
		{6B23CAAD-A182-40DD-AB09-5A3A701D5DA1}.Debug|x86.Deploy.0 = Debug|Any CPU
		{6B23CAAD-A182-40DD-AB09-5A3A701D5DA1}.Release|Any CPU.ActiveCfg = Release|Any CPU
		{6B23CAAD-A182-40DD-AB09-5A3A701D5DA1}.Release|Any CPU.Build.0 = Release|Any CPU
		{6B23CAAD-A182-40DD-AB09-5A3A701D5DA1}.Release|Any CPU.Deploy.0 = Release|Any CPU
		{6B23CAAD-A182-40DD-AB09-5A3A701D5DA1}.Release|ARM.ActiveCfg = Release|Any CPU
		{6B23CAAD-A182-40DD-AB09-5A3A701D5DA1}.Release|ARM.Build.0 = Release|Any CPU
		{6B23CAAD-A182-40DD-AB09-5A3A701D5DA1}.Release|ARM.Deploy.0 = Release|Any CPU
		{6B23CAAD-A182-40DD-AB09-5A3A701D5DA1}.Release|iPhone.ActiveCfg = Release|Any CPU
		{6B23CAAD-A182-40DD-AB09-5A3A701D5DA1}.Release|iPhone.Build.0 = Release|Any CPU
		{6B23CAAD-A182-40DD-AB09-5A3A701D5DA1}.Release|iPhone.Deploy.0 = Release|Any CPU
		{6B23CAAD-A182-40DD-AB09-5A3A701D5DA1}.Release|iPhoneSimulator.ActiveCfg = Release|Any CPU
		{6B23CAAD-A182-40DD-AB09-5A3A701D5DA1}.Release|iPhoneSimulator.Build.0 = Release|Any CPU
		{6B23CAAD-A182-40DD-AB09-5A3A701D5DA1}.Release|iPhoneSimulator.Deploy.0 = Release|Any CPU
		{6B23CAAD-A182-40DD-AB09-5A3A701D5DA1}.Release|x64.ActiveCfg = Release|Any CPU
		{6B23CAAD-A182-40DD-AB09-5A3A701D5DA1}.Release|x64.Build.0 = Release|Any CPU
		{6B23CAAD-A182-40DD-AB09-5A3A701D5DA1}.Release|x64.Deploy.0 = Release|Any CPU
		{6B23CAAD-A182-40DD-AB09-5A3A701D5DA1}.Release|x86.ActiveCfg = Release|Any CPU
		{6B23CAAD-A182-40DD-AB09-5A3A701D5DA1}.Release|x86.Build.0 = Release|Any CPU
		{6B23CAAD-A182-40DD-AB09-5A3A701D5DA1}.Release|x86.Deploy.0 = Release|Any CPU
		{CF462607-79E1-4E9F-9051-325A512038A1}.Debug|Any CPU.ActiveCfg = Debug|iPhoneSimulator
		{CF462607-79E1-4E9F-9051-325A512038A1}.Debug|Any CPU.Build.0 = Debug|iPhoneSimulator
		{CF462607-79E1-4E9F-9051-325A512038A1}.Debug|Any CPU.Deploy.0 = Debug|iPhoneSimulator
		{CF462607-79E1-4E9F-9051-325A512038A1}.Debug|ARM.ActiveCfg = Debug|iPhoneSimulator
		{CF462607-79E1-4E9F-9051-325A512038A1}.Debug|ARM.Build.0 = Debug|iPhoneSimulator
		{CF462607-79E1-4E9F-9051-325A512038A1}.Debug|ARM.Deploy.0 = Debug|iPhoneSimulator
		{CF462607-79E1-4E9F-9051-325A512038A1}.Debug|iPhone.ActiveCfg = Debug|iPhone
		{CF462607-79E1-4E9F-9051-325A512038A1}.Debug|iPhone.Build.0 = Debug|iPhone
		{CF462607-79E1-4E9F-9051-325A512038A1}.Debug|iPhone.Deploy.0 = Debug|iPhone
		{CF462607-79E1-4E9F-9051-325A512038A1}.Debug|iPhoneSimulator.ActiveCfg = Debug|iPhoneSimulator
		{CF462607-79E1-4E9F-9051-325A512038A1}.Debug|iPhoneSimulator.Build.0 = Debug|iPhoneSimulator
		{CF462607-79E1-4E9F-9051-325A512038A1}.Debug|iPhoneSimulator.Deploy.0 = Debug|iPhoneSimulator
		{CF462607-79E1-4E9F-9051-325A512038A1}.Debug|x64.ActiveCfg = Debug|iPhone
		{CF462607-79E1-4E9F-9051-325A512038A1}.Debug|x64.Build.0 = Debug|iPhone
		{CF462607-79E1-4E9F-9051-325A512038A1}.Debug|x64.Deploy.0 = Debug|iPhone
		{CF462607-79E1-4E9F-9051-325A512038A1}.Debug|x86.ActiveCfg = Debug|iPhoneSimulator
		{CF462607-79E1-4E9F-9051-325A512038A1}.Debug|x86.Build.0 = Debug|iPhoneSimulator
		{CF462607-79E1-4E9F-9051-325A512038A1}.Debug|x86.Deploy.0 = Debug|iPhoneSimulator
		{CF462607-79E1-4E9F-9051-325A512038A1}.Release|Any CPU.ActiveCfg = Release|iPhoneSimulator
		{CF462607-79E1-4E9F-9051-325A512038A1}.Release|Any CPU.Build.0 = Release|iPhoneSimulator
		{CF462607-79E1-4E9F-9051-325A512038A1}.Release|Any CPU.Deploy.0 = Release|iPhoneSimulator
		{CF462607-79E1-4E9F-9051-325A512038A1}.Release|ARM.ActiveCfg = Release|iPhoneSimulator
		{CF462607-79E1-4E9F-9051-325A512038A1}.Release|ARM.Build.0 = Release|iPhoneSimulator
		{CF462607-79E1-4E9F-9051-325A512038A1}.Release|ARM.Deploy.0 = Release|iPhoneSimulator
		{CF462607-79E1-4E9F-9051-325A512038A1}.Release|iPhone.ActiveCfg = Release|iPhone
		{CF462607-79E1-4E9F-9051-325A512038A1}.Release|iPhone.Build.0 = Release|iPhone
		{CF462607-79E1-4E9F-9051-325A512038A1}.Release|iPhone.Deploy.0 = Release|iPhone
		{CF462607-79E1-4E9F-9051-325A512038A1}.Release|iPhoneSimulator.ActiveCfg = Release|iPhoneSimulator
		{CF462607-79E1-4E9F-9051-325A512038A1}.Release|iPhoneSimulator.Build.0 = Release|iPhoneSimulator
		{CF462607-79E1-4E9F-9051-325A512038A1}.Release|iPhoneSimulator.Deploy.0 = Release|iPhoneSimulator
		{CF462607-79E1-4E9F-9051-325A512038A1}.Release|x64.ActiveCfg = Release|iPhoneSimulator
		{CF462607-79E1-4E9F-9051-325A512038A1}.Release|x64.Build.0 = Release|iPhoneSimulator
		{CF462607-79E1-4E9F-9051-325A512038A1}.Release|x64.Deploy.0 = Release|iPhoneSimulator
		{CF462607-79E1-4E9F-9051-325A512038A1}.Release|x86.ActiveCfg = Release|iPhoneSimulator
		{CF462607-79E1-4E9F-9051-325A512038A1}.Release|x86.Build.0 = Release|iPhoneSimulator
		{CF462607-79E1-4E9F-9051-325A512038A1}.Release|x86.Deploy.0 = Release|iPhoneSimulator
		{6B046B55-7ABB-4E17-8044-3386C51F8760}.Debug|Any CPU.ActiveCfg = Debug|Any CPU
		{6B046B55-7ABB-4E17-8044-3386C51F8760}.Debug|Any CPU.Build.0 = Debug|Any CPU
		{6B046B55-7ABB-4E17-8044-3386C51F8760}.Debug|Any CPU.Deploy.0 = Debug|Any CPU
		{6B046B55-7ABB-4E17-8044-3386C51F8760}.Debug|ARM.ActiveCfg = Debug|Any CPU
		{6B046B55-7ABB-4E17-8044-3386C51F8760}.Debug|ARM.Build.0 = Debug|Any CPU
		{6B046B55-7ABB-4E17-8044-3386C51F8760}.Debug|ARM.Deploy.0 = Debug|Any CPU
		{6B046B55-7ABB-4E17-8044-3386C51F8760}.Debug|iPhone.ActiveCfg = Debug|Any CPU
		{6B046B55-7ABB-4E17-8044-3386C51F8760}.Debug|iPhone.Build.0 = Debug|Any CPU
		{6B046B55-7ABB-4E17-8044-3386C51F8760}.Debug|iPhone.Deploy.0 = Debug|Any CPU
		{6B046B55-7ABB-4E17-8044-3386C51F8760}.Debug|iPhoneSimulator.ActiveCfg = Debug|Any CPU
		{6B046B55-7ABB-4E17-8044-3386C51F8760}.Debug|iPhoneSimulator.Build.0 = Debug|Any CPU
		{6B046B55-7ABB-4E17-8044-3386C51F8760}.Debug|iPhoneSimulator.Deploy.0 = Debug|Any CPU
		{6B046B55-7ABB-4E17-8044-3386C51F8760}.Debug|x64.ActiveCfg = Debug|Any CPU
		{6B046B55-7ABB-4E17-8044-3386C51F8760}.Debug|x64.Build.0 = Debug|Any CPU
		{6B046B55-7ABB-4E17-8044-3386C51F8760}.Debug|x64.Deploy.0 = Debug|Any CPU
		{6B046B55-7ABB-4E17-8044-3386C51F8760}.Debug|x86.ActiveCfg = Debug|Any CPU
		{6B046B55-7ABB-4E17-8044-3386C51F8760}.Debug|x86.Build.0 = Debug|Any CPU
		{6B046B55-7ABB-4E17-8044-3386C51F8760}.Debug|x86.Deploy.0 = Debug|Any CPU
		{6B046B55-7ABB-4E17-8044-3386C51F8760}.Release|Any CPU.ActiveCfg = Release|Any CPU
		{6B046B55-7ABB-4E17-8044-3386C51F8760}.Release|Any CPU.Build.0 = Release|Any CPU
		{6B046B55-7ABB-4E17-8044-3386C51F8760}.Release|Any CPU.Deploy.0 = Release|Any CPU
		{6B046B55-7ABB-4E17-8044-3386C51F8760}.Release|ARM.ActiveCfg = Release|Any CPU
		{6B046B55-7ABB-4E17-8044-3386C51F8760}.Release|ARM.Build.0 = Release|Any CPU
		{6B046B55-7ABB-4E17-8044-3386C51F8760}.Release|ARM.Deploy.0 = Release|Any CPU
		{6B046B55-7ABB-4E17-8044-3386C51F8760}.Release|iPhone.ActiveCfg = Release|Any CPU
		{6B046B55-7ABB-4E17-8044-3386C51F8760}.Release|iPhone.Build.0 = Release|Any CPU
		{6B046B55-7ABB-4E17-8044-3386C51F8760}.Release|iPhone.Deploy.0 = Release|Any CPU
		{6B046B55-7ABB-4E17-8044-3386C51F8760}.Release|iPhoneSimulator.ActiveCfg = Release|Any CPU
		{6B046B55-7ABB-4E17-8044-3386C51F8760}.Release|iPhoneSimulator.Build.0 = Release|Any CPU
		{6B046B55-7ABB-4E17-8044-3386C51F8760}.Release|iPhoneSimulator.Deploy.0 = Release|Any CPU
		{6B046B55-7ABB-4E17-8044-3386C51F8760}.Release|x64.ActiveCfg = Release|Any CPU
		{6B046B55-7ABB-4E17-8044-3386C51F8760}.Release|x64.Build.0 = Release|Any CPU
		{6B046B55-7ABB-4E17-8044-3386C51F8760}.Release|x64.Deploy.0 = Release|Any CPU
		{6B046B55-7ABB-4E17-8044-3386C51F8760}.Release|x86.ActiveCfg = Release|Any CPU
		{6B046B55-7ABB-4E17-8044-3386C51F8760}.Release|x86.Build.0 = Release|Any CPU
		{6B046B55-7ABB-4E17-8044-3386C51F8760}.Release|x86.Deploy.0 = Release|Any CPU
	EndGlobalSection
	GlobalSection(SolutionProperties) = preSolution
		HideSolutionNode = FALSE
	EndGlobalSection
	GlobalSection(ExtensibilityGlobals) = postSolution
		SolutionGuid = {4A98DEA2-6730-4EDB-9A4E-8DB74C169FB6}
	EndGlobalSection
EndGlobal
